
Microsoft Visual Studio Solution File, Format Version 12.00
# Visual Studio Version 17
VisualStudioVersion = 17.5.002.0
MinimumVisualStudioVersion = 10.0.40219.1
Project("{9A19103F-16F7-4668-BE54-9A1E7A4F7556}") = "Services.D", "Services.D.csproj", "{229BA0FF-25A1-498E-AB16-CDCC508A6F1E}"
EndProject
Global
	GlobalSection(SolutionConfigurationPlatforms) = preSolution
		Debug|Any CPU = Debug|Any CPU
		Release|Any CPU = Release|Any CPU
	EndGlobalSection
	GlobalSection(ProjectConfigurationPlatforms) = postSolution
		{229BA0FF-25A1-498E-AB16-CDCC508A6F1E}.Debug|Any CPU.ActiveCfg = Debug|Any CPU
		{229BA0FF-25A1-498E-AB16-CDCC508A6F1E}.Debug|Any CPU.Build.0 = Debug|Any CPU
		{229BA0FF-25A1-498E-AB16-CDCC508A6F1E}.Release|Any CPU.ActiveCfg = Release|Any CPU
		{229BA0FF-25A1-498E-AB16-CDCC508A6F1E}.Release|Any CPU.Build.0 = Release|Any CPU
	EndGlobalSection
	GlobalSection(SolutionProperties) = preSolution
		HideSolutionNode = FALSE
	EndGlobalSection
	GlobalSection(ExtensibilityGlobals) = postSolution
		SolutionGuid = {A6769821-6E9B-449C-899C-DD6A0F6A9D00}
	EndGlobalSection
EndGlobal
